{
    "_meta": {
        "hash": {
            "sha256": "cc44769a0fea904f36f266643eab3324572e7d32c84c981b39cadadaa3ee57bd"
        },
        "pipfile-spec": 6,
        "requires": {
            "python_version": "3.9"
        },
        "sources": [
            {
                "name": "pypi",
                "url": "https://pypi.org/simple",
                "verify_ssl": true
            }
        ]
    },
    "default": {
        "attrs": {
            "hashes": [
                "sha256:2d27e3784d7a565d36ab851fe94887c5eccd6a463168875832a1be79c82828b4",
                "sha256:626ba8234211db98e869df76230a137c4c40a12d72445c45d5f5b716f076e2fd"
            ],
            "markers": "python_version >= '2.7' and python_version not in '3.0, 3.1, 3.2, 3.3, 3.4'",
            "version": "==21.4.0"
        },
        "aws-cdk.assets": {
            "hashes": [
                "sha256:bbc185395186a842285199ae3ed93176d3f856e4ca6b0e435c3834e1da11d466",
                "sha256:dcb39e7f2df12da8429179a83da0a901b61ed7cbc9da126344be40f5abed7d43"
            ],
            "markers": "python_version >= '3.6'",
            "version": "==1.127.0"
        },
        "aws-cdk.aws-applicationautoscaling": {
            "hashes": [
                "sha256:0d08647dc49f1f8ccc747f6701d67258fe933d14e985d01c4bf503399644e5cc",
                "sha256:0e14c3c78b4788b24833882b9562ad16ec20e571dd9134de1149b9f5a62c41e2"
            ],
            "markers": "python_version >= '3.6'",
            "version": "==1.127.0"
        },
        "aws-cdk.aws-autoscaling-common": {
            "hashes": [
                "sha256:7b420807bb976d866607cec9c83fb5f41159aa78f38bc3f593148f3bd6749730",
                "sha256:d07ce688f74f90a5dd5be47f32f20fc1829bae400fcce4f4d610b8c7ec3dddb6"
            ],
            "markers": "python_version >= '3.6'",
            "version": "==1.127.0"
        },
        "aws-cdk.aws-cloudwatch": {
            "hashes": [
                "sha256:63febf4ecfa7c3e37d19fa357a83611bdef395a55dadcc9cbcb128bee9c09640",
                "sha256:82054655ad3f06f8152bca57d9df5176dfdd1c86db2af1021aec8115736be055"
            ],
            "index": "pypi",
            "version": "==1.127"
        },
        "aws-cdk.aws-codeguruprofiler": {
            "hashes": [
                "sha256:00ed1936b3a58b3c4efcc9067d921d9a6a94bb2c8060af89f1d716008ca3be4e",
                "sha256:3109d2b5c187d7a79d305d9b8c5124e1f49100f2e0f1cfdcfe614de7a2583060"
            ],
            "markers": "python_version >= '3.6'",
            "version": "==1.127.0"
        },
        "aws-cdk.aws-codestarnotifications": {
            "hashes": [
                "sha256:5e5413ee2fc7ee868041d54492942f96fd7ad2b60dd0755a671e3a15f3a39edc",
                "sha256:a92ae3f1ba476cca19b6b11e06df5dd5c72df6045203080a6f909ccf898cbf3b"
            ],
            "markers": "python_version >= '3.6'",
            "version": "==1.127.0"
        },
        "aws-cdk.aws-ec2": {
            "hashes": [
                "sha256:7257bb453711ae52b91c1a2aca497e1d460443f79c3aea6f9a3390064dd1cdf8",
                "sha256:b83f9198c166f4626d821935dc486b3d89eaf2ec576d9d07b50d599b10b99ffc"
            ],
            "markers": "python_version >= '3.6'",
            "version": "==1.127.0"
        },
        "aws-cdk.aws-ecr": {
            "hashes": [
                "sha256:95ae3c26854fe1a9b8f920d2e34ea8e2ac270896ea1a7676059c4d0c4a696e6b",
                "sha256:f7b9a04edde1b84f951d71b83849fc066af555eebed1c4a620adc459b991483a"
            ],
            "markers": "python_version >= '3.6'",
            "version": "==1.127.0"
        },
        "aws-cdk.aws-ecr-assets": {
            "hashes": [
                "sha256:22f9e6402347644b938af5831371444730bdff20a7a8e83c97a2f58c2fee8283",
                "sha256:449a68efcf2228437a44275066005071b4fd99fd95028e69ff95602be5493bdf"
            ],
            "markers": "python_version >= '3.6'",
            "version": "==1.127.0"
        },
        "aws-cdk.aws-efs": {
            "hashes": [
                "sha256:08937c4df9b2ce37a4b7babc2c8fe4ca26d05ae6ea0ad8827035c869f4463afa",
                "sha256:10c175ead2ca0bafafb933b585978e8f5f732019856dfdc1e091c8b7c2111640"
            ],
            "markers": "python_version >= '3.6'",
            "version": "==1.127.0"
        },
        "aws-cdk.aws-events": {
            "hashes": [
                "sha256:0fc3bd7b79ec2d78731ee515e33c415851631e9d70e38828572c6a8b0067b9d4",
                "sha256:5f7ee9f99225818bb28dd225e0f25e3d51a5298148d4a41e229a6c2db3115574"
            ],
            "markers": "python_version >= '3.6'",
            "version": "==1.127.0"
        },
        "aws-cdk.aws-iam": {
            "hashes": [
                "sha256:06d88785b30f51379d7b163095f7a429d99fff3e3305d723e1fe1e338234eafa",
                "sha256:586258975a68bcfb6ea6a133aea59717bc1041e36c7dea35e03e31e197d8bcd4"
            ],
            "index": "pypi",
            "version": "==1.127"
        },
        "aws-cdk.aws-kms": {
            "hashes": [
                "sha256:5ae144bb56528543623ad4de362622a9c7a6a14f1e2cff51c1f7a7ec5e7a5836",
                "sha256:997e327b761376acfe6d00bb5f577bb114fb138bcb5de48c92099af90dc1ff4a"
            ],
            "markers": "python_version >= '3.6'",
            "version": "==1.127.0"
        },
        "aws-cdk.aws-lambda": {
            "hashes": [
                "sha256:4dafb4afb383295fa452a30272f0497d2ab6bb8edceb0d820c932c76fe8701ab",
                "sha256:a64adb73bb641ef537edc510aa5146213037f3700017880bad7b022e3e41ddd0"
            ],
            "index": "pypi",
            "version": "==1.127"
        },
        "aws-cdk.aws-logs": {
            "hashes": [
                "sha256:052aeff259c4f96eab6b004ac4d4a850f0ecaa32eae590de5d8aa17ccb3c3066",
                "sha256:c5743a8d2be1e6d58ed34f225706fe9552109589dda155097f226ad977b2f438"
            ],
            "index": "pypi",
            "version": "==1.127"
        },
        "aws-cdk.aws-s3": {
            "hashes": [
                "sha256:16c8b1336bfca8f0f1c7f866198f3ba329a1c6dddff42cfb3393462b11bcf4b7",
                "sha256:b6bac6fbd62fe0b23e5c37eae4b4785907944389a21d19f61872f3c3dd2bce5c"
            ],
            "markers": "python_version >= '3.6'",
            "version": "==1.127.0"
        },
        "aws-cdk.aws-s3-assets": {
            "hashes": [
                "sha256:1f7ae3359f3e2be17bfc0da0d5d7a11d2e4dba3c59889d2d29eae1ac18a495af",
                "sha256:fd3e84d8506bb56baade2e6a314930c74377e4a50e5d8115b2e63d4e6948af1c"
            ],
            "index": "pypi",
            "version": "==1.127"
        },
        "aws-cdk.aws-signer": {
            "hashes": [
                "sha256:aa2fb93a58ed7188a760591b28542fa42d3b73f94ebd6562665a7f23d8928bbf",
                "sha256:f7b0367f4858eda8d69574ad53290ef9a086491cd3a42cd24c887a0028bfc7d4"
            ],
            "markers": "python_version >= '3.6'",
            "version": "==1.127.0"
        },
        "aws-cdk.aws-sns": {
            "hashes": [
                "sha256:2f9a8f26cf7ff918b707727b46ef3cae8ad1e56b99b9f69fb571a171ffafac8a",
                "sha256:f78f989be1971194d022acd2d00a3b668ea52480fb3e924ed0d0338791a5d356"
            ],
            "index": "pypi",
            "version": "==1.127"
        },
        "aws-cdk.aws-sns-subscriptions": {
            "hashes": [
                "sha256:9f42f1f1b75bff5eebe364e9b52489cafabbe6323778dc7c4cc61ec2e05ea369",
                "sha256:ff78b003db74633ced6024640928dec3a5aa14f4f9bab0febeb1f395d6a17380"
            ],
            "index": "pypi",
            "version": "==1.127"
        },
        "aws-cdk.aws-sqs": {
            "hashes": [
                "sha256:2e6b61307c2a9e051d8544e3c98444dd802aca5e8aafd4c3545210903f1012a5",
                "sha256:56ed7fd69f2f1fad369d3a37416b5c2207c3fad948011460731a7d9073735992"
            ],
            "index": "pypi",
            "version": "==1.127"
        },
        "aws-cdk.aws-ssm": {
            "hashes": [
                "sha256:9ad4fb5ce0b0634604c83c270aa8260441236ca5a67ac67156154e9ad5f1fc8f",
                "sha256:f5312279aa99cb2b917b01022522be12a5419143c5022cb932f57c2157321937"
            ],
            "markers": "python_version >= '3.6'",
            "version": "==1.127.0"
        },
        "aws-cdk.cloud-assembly-schema": {
            "hashes": [
                "sha256:01632493afab1ab2aa2797969db68edd3076ce9443ab1e8a94066d740b100e70",
                "sha256:ca2e1e87a9e2b1237be7b1c82e5232588976cfc4615fead887f1e5fbfe6d8b8f"
            ],
            "markers": "python_version >= '3.6'",
            "version": "==1.127.0"
        },
        "aws-cdk.core": {
            "hashes": [
                "sha256:0f66d74725cf37459aa86a06f24591b717fba604c0a589abb72c294357cfd993",
                "sha256:ff4b1157b83e3bbf4b03b3fa5d2984d1b858100114b362f4e316dbb30d717270"
            ],
            "index": "pypi",
            "version": "==1.127"
        },
        "aws-cdk.cx-api": {
            "hashes": [
                "sha256:1811d40b367a113d59c0bd10f7a3a5f27dfae2f96d44acc3618686d3aecdbdc9",
                "sha256:f260accf7018f01338fbb3ba2b39b6fafdbcc3dbe554d22c58ce6c0aa4ce76ea"
            ],
            "markers": "python_version >= '3.6'",
            "version": "==1.127.0"
        },
        "aws-cdk.region-info": {
            "hashes": [
                "sha256:0cdde9813dc047746446a20982b5c604fe514ad3835b091d45a457d4f9318aaf",
                "sha256:ecc6bb8a100583a550f0b68525ddadfe236b26914df720e204d7e4f0425cea01"
            ],
            "markers": "python_version >= '3.6'",
            "version": "==1.127.0"
        },
        "cattrs": {
            "hashes": [
                "sha256:94b67b64cf92c994f8784c40c082177dc916e0489a73a9a36b24eb18a9db40c6",
                "sha256:d55c477b4672f93606e992049f15d526dc7867e6c756cd6256d4af92e2b1e364"
            ],
            "markers": "python_version >= '3.7'",
            "version": "==22.1.0"
        },
        "constructs": {
            "hashes": [
                "sha256:b13ca9bcc96880e5b8e32192f23ba08ed4bffc1862bc44ddb550f461000d95b0",
                "sha256:e24ec582fa755154d119fb2845635a6fc72610232e5d921dfd71417b04127e04"
            ],
            "markers": "python_version >= '3.6'",
            "version": "==3.3.261"
        },
        "exceptiongroup": {
            "hashes": [
                "sha256:4d254b05231bed1d43079bdcfe0f1d66c0ab4783e6777a329355f9b78de3ad83",
                "sha256:83e465152bd0bc2bc40d9b75686854260f86946bb947c652b5cafc31cdff70e7"
            ],
            "markers": "python_version < '3.11'",
            "version": "==1.0.0rc2"
        },
        "jsii": {
            "hashes": [
                "sha256:8e61eb860a9a76c66cde44ce3a1e6f66b4b5ab3683131ca49124785f75f3792c",
                "sha256:d393c72aa1864de301b95b65b161efc8838999b32099cd8d7cda6a03cea3cff9"
            ],
            "markers": "python_version ~= '3.6'",
            "version": "==1.56.0"
        },
        "publication": {
            "hashes": [
                "sha256:0248885351febc11d8a1098d5c8e3ab2dabcf3e8c0c96db1e17ecd12b53afbe6",
                "sha256:68416a0de76dddcdd2930d1c8ef853a743cc96c82416c4e4d3b5d901c6276dc4"
            ],
            "version": "==0.0.3"
        },
        "python-dateutil": {
            "hashes": [
                "sha256:0123cacc1627ae19ddf3c27a5de5bd67ee4586fbdd6440d9748f8abb483d3e86",
                "sha256:961d03dc3453ebbc59dbdea9e4e11c5651520a876d0f4db161e8674aae935da9"
            ],
            "markers": "python_version >= '2.7' and python_version not in '3.0, 3.1, 3.2, 3.3'",
            "version": "==2.8.2"
        },
        "six": {
            "hashes": [
                "sha256:1e61c37477a1626458e36f7b1d82aa5c9b094fa4802892072e49de9c60c4c926",
                "sha256:8abb2f1d86890a2dfb989f9a77cfcfd3e47c2a354b01111771326f8aa26e0254"
            ],
            "markers": "python_version >= '2.7' and python_version not in '3.0, 3.1, 3.2, 3.3'",
            "version": "==1.16.0"
        },
        "typing-extensions": {
            "hashes": [
                "sha256:1a9462dcc3347a79b1f1c0271fbe79e844580bb598bafa1ed208b94da3cdcd42",
                "sha256:21c85e0fe4b9a155d0799430b0ad741cdce7e359660ccbd8b530613e8df88ce2"
            ],
            "markers": "python_version >= '3.6'",
            "version": "==4.1.1"
        }
    },
    "develop": {
        "autopep8": {
            "hashes": [
                "sha256:44f0932855039d2c15c4510d6df665e4730f2b8582704fa48f9c55bd3e17d979",
                "sha256:ed77137193bbac52d029a52c59bec1b0629b5a186c495f1eb21b126ac466083f"
            ],
            "index": "pypi",
            "version": "==1.6.0"
        },
        "flake8": {
            "hashes": [
                "sha256:479b1304f72536a55948cb40a32dce8bb0ffe3501e26eaf292c7e60eb5e0428d",
                "sha256:806e034dda44114815e23c16ef92f95c91e4c71100ff52813adf7132a6ad870d"
            ],
            "index": "pypi",
            "version": "==4.0.1"
        },
        "isort": {
            "hashes": [
                "sha256:6f62d78e2f89b4500b080fe3a81690850cd254227f27f75c3a0c491a1f351ba7",
                "sha256:e8443a5e7a020e9d7f97f1d7d9cd17c88bcb3bc7e218bf9cf5095fe550be2951"
            ],
            "index": "pypi",
            "version": "==5.10.1"
        },
        "mccabe": {
            "hashes": [
                "sha256:ab8a6258860da4b6677da4bd2fe5dc2c659cff31b3ee4f7f5d64e79735b80d42",
                "sha256:dd8d182285a0fe56bace7f45b5e7d1a6ebcbf524e8f3bd87eb0f125271b8831f"
            ],
            "version": "==0.6.1"
        },
        "pycodestyle": {
            "hashes": [
                "sha256:720f8b39dde8b293825e7ff02c475f3077124006db4f440dcbc9a20b76548a20",
                "sha256:eddd5847ef438ea1c7870ca7eb78a9d47ce0cdb4851a5523949f2601d0cbbe7f"
            ],
            "markers": "python_version >= '2.7' and python_version not in '3.0, 3.1, 3.2, 3.3, 3.4'",
            "version": "==2.8.0"
        },
        "pyflakes": {
            "hashes": [
                "sha256:05a85c2872edf37a4ed30b0cce2f6093e1d0581f8c19d7393122da7e25b2b24c",
                "sha256:3bb3a3f256f4b7968c9c788781e4ff07dce46bdf12339dcda61053375426ee2e"
            ],
            "markers": "python_version >= '2.7' and python_version not in '3.0, 3.1, 3.2, 3.3'",
            "version": "==2.4.0"
        },
        "toml": {
            "hashes": [
                "sha256:806143ae5bfb6a3c6e736a764057db0e6a0e05e338b5630894a5f779cabb4f9b",
                "sha256:b3bda1d108d5dd99f4a20d24d9c348e91c4db7ab1b749200bded2f839ccbe68f"
            ],
            "markers": "python_version >= '2.6' and python_version not in '3.0, 3.1, 3.2, 3.3'",
            "version": "==0.10.2"
        }
    }
}
