{
    "_meta": {
        "hash": {
            "sha256": "03047b7c8df8da3ebb1dbacfeac1fc03a6c2d075af6ed9b5c76935bbef3fcac8"
        },
        "pipfile-spec": 6,
        "requires": {
            "python_version": "3.10"
        },
        "sources": [
            {
                "name": "pypi",
                "url": "https://pypi.org/simple",
                "verify_ssl": true
            }
        ]
    },
    "default": {
        "attrs": {
            "hashes": [
                "sha256:1f28b4522cdc2fb4256ac1a020c78acf9cba2c6b461ccd2c126f3aa8e8335d04",
                "sha256:6279836d581513a26f1bf235f9acd333bc9115683f14f7e8fae46c98fc50e015"
            ],
            "markers": "python_version >= '3.7'",
            "version": "==23.1.0"
        },
        "aws-cdk-lib": {
            "hashes": [
                "sha256:1a559f6edb02eb436b2749fd7a108e9e9e7e2de040a04b0400d48ba711f1fdc1",
                "sha256:cf79a526584c5fa694a5723dcd1dd4d90a0f28919ae93bc0a36b9d756145adfd"
            ],
            "index": "pypi",
            "version": "==2.84.0"
        },
        "aws-cdk.asset-awscli-v1": {
            "hashes": [
                "sha256:3e562d5af7f286823a805e4449aa910008916bed98fb2b4f813808b72fc6353d",
                "sha256:6045c0f1c25cf20288d612e96c46f0fe2e60ba5a8f5067e27daf027c528e44f4"
            ],
            "markers": "python_version ~= '3.7'",
            "version": "==2.2.191"
        },
        "aws-cdk.asset-kubectl-v20": {
            "hashes": [
                "sha256:346283e43018a43e3b3ca571de3f44e85d49c038dc20851894cb8f9b2052b164",
                "sha256:7f0617ab6cb942b066bd7174bf3e1f377e57878c3e1cddc21d6b2d13c92d0cc1"
            ],
            "markers": "python_version ~= '3.7'",
            "version": "==2.1.2"
        },
        "aws-cdk.asset-node-proxy-agent-v5": {
            "hashes": [
                "sha256:96afc5747276d21fc25a4aacdb361e3b1cb9a53b2a87a2affa20bbfbe87a0c65",
                "sha256:e1afb5773d185cf5f335e4c2dd8dd09967a5e700b45eddf5559b24d7e665628d"
            ],
            "markers": "python_version ~= '3.7'",
            "version": "==2.0.165"
        },
        "cattrs": {
            "hashes": [
                "sha256:b2bb14311ac17bed0d58785e5a60f022e5431aca3932e3fc5cc8ed8639de50a4",
                "sha256:db1c821b8c537382b2c7c66678c3790091ca0275ac486c76f3c8f3920e83c657"
            ],
            "markers": "python_version >= '3.7'",
            "version": "==23.1.2"
        },
        "constructs": {
            "hashes": [
                "sha256:2689938060479d91961533688a7ad8a9d6e3c41b9ddb5ba940a81645452bc6cb",
                "sha256:88f8cd202f0a2b088ba43122ce306915b7deda52be785388bf3d31608e274d6a"
            ],
            "index": "pypi",
            "version": "==10.2.52"
        },
        "exceptiongroup": {
            "hashes": [
                "sha256:6990c24f06b8d33c8065cfe43e5e8a4bfa384e0358be036af9cc60b6321bd11a",
                "sha256:ab0a968e1ef769e55d9a596f4a89f7be9ffedbc9fdefdb77cc68cf5c33ce1035"
            ],
            "index": "pypi",
            "version": "==1.0.0rc8"
        },
        "importlib-resources": {
            "hashes": [
                "sha256:4be82589bf5c1d7999aedf2a45159d10cb3ca4f19b2271f8792bc8e6da7b22f6",
                "sha256:7b1deeebbf351c7578e09bf2f63fa2ce8b5ffec296e0d349139d43cca061a81a"
            ],
            "markers": "python_version >= '3.7'",
            "version": "==5.12.0"
        },
        "jsii": {
            "hashes": [
                "sha256:29f8352525e980e126d5d0fd3510fff9a81a8dbc36249f99d922907f2e6bf4c3",
                "sha256:7748205665d079112721d6eb23a37fa084722ab675f65e8a6514ec908660bd57"
            ],
            "markers": "python_version ~= '3.7'",
            "version": "==1.84.0"
        },
        "publication": {
            "hashes": [
                "sha256:0248885351febc11d8a1098d5c8e3ab2dabcf3e8c0c96db1e17ecd12b53afbe6",
                "sha256:68416a0de76dddcdd2930d1c8ef853a743cc96c82416c4e4d3b5d901c6276dc4"
            ],
            "version": "==0.0.3"
        },
        "python-dateutil": {
            "hashes": [
                "sha256:0123cacc1627ae19ddf3c27a5de5bd67ee4586fbdd6440d9748f8abb483d3e86",
                "sha256:961d03dc3453ebbc59dbdea9e4e11c5651520a876d0f4db161e8674aae935da9"
            ],
            "markers": "python_version >= '2.7' and python_version not in '3.0, 3.1, 3.2, 3.3'",
            "version": "==2.8.2"
        },
        "six": {
            "hashes": [
                "sha256:1e61c37477a1626458e36f7b1d82aa5c9b094fa4802892072e49de9c60c4c926",
                "sha256:8abb2f1d86890a2dfb989f9a77cfcfd3e47c2a354b01111771326f8aa26e0254"
            ],
            "markers": "python_version >= '2.7' and python_version not in '3.0, 3.1, 3.2, 3.3'",
            "version": "==1.16.0"
        },
        "typeguard": {
            "hashes": [
                "sha256:00edaa8da3a133674796cf5ea87d9f4b4c367d77476e185e80251cc13dfbb8c4",
                "sha256:5e3e3be01e887e7eafae5af63d1f36c849aaa94e3a0112097312aabfa16284f1"
            ],
            "markers": "python_full_version >= '3.5.3'",
            "version": "==2.13.3"
        },
        "typing-extensions": {
            "hashes": [
                "sha256:88a4153d8505aabbb4e13aacb7c486c2b4a33ca3b3f807914a9b4c844c471c26",
                "sha256:d91d5919357fe7f681a9f2b5b4cb2a5f1ef0a1e9f59c4d8ff0d3491e05c0ffd5"
            ],
            "markers": "python_version >= '3.7'",
            "version": "==4.6.3"
        }
    },
    "develop": {
        "autopep8": {
            "hashes": [
                "sha256:6f09e90a2be784317e84dc1add17ebfc7abe3924239957a37e5040e27d812087",
                "sha256:ca9b1a83e53a7fad65d731dc7a2a2d50aa48f43850407c59f6a1a306c4201142"
            ],
            "index": "pypi",
            "version": "==1.7.0"
        },
        "flake8": {
            "hashes": [
                "sha256:6fbe320aad8d6b95cec8b8e47bc933004678dc63095be98528b7bdd2a9f510db",
                "sha256:7a1cf6b73744f5806ab95e526f6f0d8c01c66d7bbe349562d22dfca20610b248"
            ],
            "index": "pypi",
            "version": "==5.0.4"
        },
        "isort": {
            "hashes": [
                "sha256:6f62d78e2f89b4500b080fe3a81690850cd254227f27f75c3a0c491a1f351ba7",
                "sha256:e8443a5e7a020e9d7f97f1d7d9cd17c88bcb3bc7e218bf9cf5095fe550be2951"
            ],
            "index": "pypi",
            "version": "==5.10.1"
        },
        "mccabe": {
            "hashes": [
                "sha256:348e0240c33b60bbdf4e523192ef919f28cb2c3d7d5c7794f74009290f236325",
                "sha256:6c2d30ab6be0e4a46919781807b4f0d834ebdd6c6e3dca0bda5a15f863427b6e"
            ],
            "markers": "python_version >= '3.6'",
            "version": "==0.7.0"
        },
        "pycodestyle": {
            "hashes": [
                "sha256:2c9607871d58c76354b697b42f5d57e1ada7d261c261efac224b664affdc5785",
                "sha256:d1735fc58b418fd7c5f658d28d943854f8a849b01a5d0a1e6f3f3fdd0166804b"
            ],
            "markers": "python_version >= '3.6'",
            "version": "==2.9.1"
        },
        "pyflakes": {
            "hashes": [
                "sha256:4579f67d887f804e67edb544428f264b7b24f435b263c4614f384135cea553d2",
                "sha256:491feb020dca48ccc562a8c0cbe8df07ee13078df59813b83959cbdada312ea3"
            ],
            "markers": "python_version >= '3.6'",
            "version": "==2.5.0"
        },
        "toml": {
            "hashes": [
                "sha256:806143ae5bfb6a3c6e736a764057db0e6a0e05e338b5630894a5f779cabb4f9b",
                "sha256:b3bda1d108d5dd99f4a20d24d9c348e91c4db7ab1b749200bded2f839ccbe68f"
            ],
            "markers": "python_version >= '2.6' and python_version not in '3.0, 3.1, 3.2, 3.3'",
            "version": "==0.10.2"
        }
    }
}
